
Microsoft Visual Studio Solution File, Format Version 12.00
# Visual Studio Version 17
VisualStudioVersion = 17.5.33502.453
MinimumVisualStudioVersion = 10.0.40219.1
Project("{FAE04EC0-301F-11D3-BF4B-00C04F79EFBC}") = "Application Scheduler", "Application Scheduler.csproj", "{66A0FC7A-CE8C-4A4A-9F0D-B71916073A02}"
EndProject
Global
	GlobalSection(SolutionConfigurationPlatforms) = preSolution
		Debug|Any CPU = Debug|Any CPU
		Release|Any CPU = Release|Any CPU
	EndGlobalSection
	GlobalSection(ProjectConfigurationPlatforms) = postSolution
		{66A0FC7A-CE8C-4A4A-9F0D-B71916073A02}.Debug|Any CPU.ActiveCfg = Debug|Any CPU
		{66A0FC7A-CE8C-4A4A-9F0D-B71916073A02}.Debug|Any CPU.Build.0 = Debug|Any CPU
		{66A0FC7A-CE8C-4A4A-9F0D-B71916073A02}.Release|Any CPU.ActiveCfg = Release|Any CPU
		{66A0FC7A-CE8C-4A4A-9F0D-B71916073A02}.Release|Any CPU.Build.0 = Release|Any CPU
	EndGlobalSection
	GlobalSection(SolutionProperties) = preSolution
		HideSolutionNode = FALSE
	EndGlobalSection
	GlobalSection(ExtensibilityGlobals) = postSolution
		SolutionGuid = {14D1B8C3-BA18-45E4-8AB8-D5091827601B}
	EndGlobalSection
EndGlobal
